
Microsoft Visual Studio Solution File, Format Version 12.00
# Visual Studio Version 16
VisualStudioVersion = 16.0.33027.164
MinimumVisualStudioVersion = 10.0.40219.1
Project("{FAE04EC0-301F-11D3-BF4B-00C04F79EFBC}") = "pruebaBBDD2", "pruebaBBDD2\pruebaBBDD2.csproj", "{07234C93-945B-4BBA-AB50-48D7C2F840B3}"
EndProject
Global
	GlobalSection(SolutionConfigurationPlatforms) = preSolution
		Debug|Any CPU = Debug|Any CPU
		Release|Any CPU = Release|Any CPU
	EndGlobalSection
	GlobalSection(ProjectConfigurationPlatforms) = postSolution
		{07234C93-945B-4BBA-AB50-48D7C2F840B3}.Debug|Any CPU.ActiveCfg = Debug|Any CPU
		{07234C93-945B-4BBA-AB50-48D7C2F840B3}.Debug|Any CPU.Build.0 = Debug|Any CPU
		{07234C93-945B-4BBA-AB50-48D7C2F840B3}.Release|Any CPU.ActiveCfg = Release|Any CPU
		{07234C93-945B-4BBA-AB50-48D7C2F840B3}.Release|Any CPU.Build.0 = Release|Any CPU
	EndGlobalSection
	GlobalSection(SolutionProperties) = preSolution
		HideSolutionNode = FALSE
	EndGlobalSection
	GlobalSection(ExtensibilityGlobals) = postSolution
		SolutionGuid = {916FDF6D-4EDE-4030-B737-FBF5D3A8B616}
	EndGlobalSection
EndGlobal
