
Microsoft Visual Studio Solution File, Format Version 12.00
# Visual Studio Version 17
VisualStudioVersion = 17.3.32901.215
MinimumVisualStudioVersion = 10.0.40219.1
Project("{FAE04EC0-301F-11D3-BF4B-00C04F79EFBC}") = "Ejercicio 8", "Ejercicio 8\Ejercicio 8.csproj", "{03F58D38-6D01-47E4-A4DC-B0DA267A57D3}"
EndProject
Global
	GlobalSection(SolutionConfigurationPlatforms) = preSolution
		Debug|Any CPU = Debug|Any CPU
		Release|Any CPU = Release|Any CPU
	EndGlobalSection
	GlobalSection(ProjectConfigurationPlatforms) = postSolution
		{03F58D38-6D01-47E4-A4DC-B0DA267A57D3}.Debug|Any CPU.ActiveCfg = Debug|Any CPU
		{03F58D38-6D01-47E4-A4DC-B0DA267A57D3}.Debug|Any CPU.Build.0 = Debug|Any CPU
		{03F58D38-6D01-47E4-A4DC-B0DA267A57D3}.Release|Any CPU.ActiveCfg = Release|Any CPU
		{03F58D38-6D01-47E4-A4DC-B0DA267A57D3}.Release|Any CPU.Build.0 = Release|Any CPU
	EndGlobalSection
	GlobalSection(SolutionProperties) = preSolution
		HideSolutionNode = FALSE
	EndGlobalSection
	GlobalSection(ExtensibilityGlobals) = postSolution
		SolutionGuid = {1D268BB4-513A-481C-A210-A9D3632F80E6}
	EndGlobalSection
EndGlobal
